// !$*UTF8*$!
{
	archiveVersion = 1;
	classes = {
	};
	objectVersion = 56;
	objects = {

/* Begin PBXBuildFile section */
		7D433EF328EF0AF10017A434 /* ErrorHandler.swift in Sources */ = {isa = PBXBuildFile; fileRef = 7D433EF228EF0AF10017A434 /* ErrorHandler.swift */; };
		7D433EF528EFC3260017A434 /* Keypad.swift in Sources */ = {isa = PBXBuildFile; fileRef = 7D433EF428EFC3260017A434 /* Keypad.swift */; };
		7D433EF728EFC3380017A434 /* Key.swift in Sources */ = {isa = PBXBuildFile; fileRef = 7D433EF628EFC3380017A434 /* Key.swift */; };
		7D433EF928EFCB3B0017A434 /* KeypadInputHandler.swift in Sources */ = {isa = PBXBuildFile; fileRef = 7D433EF828EFCB3B0017A434 /* KeypadInputHandler.swift */; };
		7D433EFB28EFCC190017A434 /* LiveKeypad.swift in Sources */ = {isa = PBXBuildFile; fileRef = 7D433EFA28EFCC190017A434 /* LiveKeypad.swift */; };
		7D433EFD28EFCC290017A434 /* LiveKeypadTests.swift in Sources */ = {isa = PBXBuildFile; fileRef = 7D433EFC28EFCC290017A434 /* LiveKeypadTests.swift */; };
		7D433F0128EFD9190017A434 /* Sprite.swift in Sources */ = {isa = PBXBuildFile; fileRef = 7D433F0028EFD9190017A434 /* Sprite.swift */; };
		7D433F0328EFD9390017A434 /* SpriteErrors.swift in Sources */ = {isa = PBXBuildFile; fileRef = 7D433F0228EFD9390017A434 /* SpriteErrors.swift */; };
		7D433F0528EFD9D50017A434 /* LiveSprite.swift in Sources */ = {isa = PBXBuildFile; fileRef = 7D433F0428EFD9D50017A434 /* LiveSprite.swift */; };
		7D433F0928EFDA280017A434 /* LiveSpriteTests.swift in Sources */ = {isa = PBXBuildFile; fileRef = 7D433F0828EFDA280017A434 /* LiveSpriteTests.swift */; };
		7D97D28B28EBBFB500C8A748 /* AppDelegate.swift in Sources */ = {isa = PBXBuildFile; fileRef = 7D97D28A28EBBFB500C8A748 /* AppDelegate.swift */; };
		7D97D28D28EBBFB500C8A748 /* SceneDelegate.swift in Sources */ = {isa = PBXBuildFile; fileRef = 7D97D28C28EBBFB500C8A748 /* SceneDelegate.swift */; };
		7D97D28F28EBBFB500C8A748 /* ViewController.swift in Sources */ = {isa = PBXBuildFile; fileRef = 7D97D28E28EBBFB500C8A748 /* ViewController.swift */; };
		7D97D29428EBBFB700C8A748 /* Assets.xcassets in Resources */ = {isa = PBXBuildFile; fileRef = 7D97D29328EBBFB700C8A748 /* Assets.xcassets */; };
		7D97D29728EBBFB700C8A748 /* LaunchScreen.storyboard in Resources */ = {isa = PBXBuildFile; fileRef = 7D97D29528EBBFB700C8A748 /* LaunchScreen.storyboard */; };
		7D97D2A228EBBFB700C8A748 /* ChipsetteTests.swift in Sources */ = {isa = PBXBuildFile; fileRef = 7D97D2A128EBBFB700C8A748 /* ChipsetteTests.swift */; };
		7D97D2AC28EBBFB700C8A748 /* ChipsetteUITests.swift in Sources */ = {isa = PBXBuildFile; fileRef = 7D97D2AB28EBBFB700C8A748 /* ChipsetteUITests.swift */; };
		7D97D2AE28EBBFB700C8A748 /* ChipsetteUITestsLaunchTests.swift in Sources */ = {isa = PBXBuildFile; fileRef = 7D97D2AD28EBBFB700C8A748 /* ChipsetteUITestsLaunchTests.swift */; };
		7D97D2CA28ECABDC00C8A748 /* Memory.swift in Sources */ = {isa = PBXBuildFile; fileRef = 7D97D2C928ECABDC00C8A748 /* Memory.swift */; };
		7D97D2CD28ECAD3C00C8A748 /* LiveMemory.swift in Sources */ = {isa = PBXBuildFile; fileRef = 7D97D2CC28ECAD3C00C8A748 /* LiveMemory.swift */; };
		7D97D2D028ECAD7D00C8A748 /* MemoryErrors.swift in Sources */ = {isa = PBXBuildFile; fileRef = 7D97D2CF28ECAD7D00C8A748 /* MemoryErrors.swift */; };
		7D97D2D428ECAE7F00C8A748 /* LiveMemoryTests.swift in Sources */ = {isa = PBXBuildFile; fileRef = 7D97D2D328ECAE7F00C8A748 /* LiveMemoryTests.swift */; };
		7DFECACA28ECEA87000BA29B /* Register.swift in Sources */ = {isa = PBXBuildFile; fileRef = 7DFECAC928ECEA87000BA29B /* Register.swift */; };
		7DFECACC28ECEB76000BA29B /* LiveRegister.swift in Sources */ = {isa = PBXBuildFile; fileRef = 7DFECACB28ECEB76000BA29B /* LiveRegister.swift */; };
		7DFECACE28ECEBA7000BA29B /* LiveRegisterTests.swift in Sources */ = {isa = PBXBuildFile; fileRef = 7DFECACD28ECEBA7000BA29B /* LiveRegisterTests.swift */; };
		7DFECAD028ECED7E000BA29B /* Stack.swift in Sources */ = {isa = PBXBuildFile; fileRef = 7DFECACF28ECED7E000BA29B /* Stack.swift */; };
		7DFECAD228ECEEB3000BA29B /* StackErrors.swift in Sources */ = {isa = PBXBuildFile; fileRef = 7DFECAD128ECEEB3000BA29B /* StackErrors.swift */; };
		7DFECAD428ECEF01000BA29B /* LiveStack.swift in Sources */ = {isa = PBXBuildFile; fileRef = 7DFECAD328ECEF01000BA29B /* LiveStack.swift */; };
		7DFECAD828ECEF63000BA29B /* LiveStackTests.swift in Sources */ = {isa = PBXBuildFile; fileRef = 7DFECAD728ECEF63000BA29B /* LiveStackTests.swift */; };
		7DFECADA28ED0340000BA29B /* Clock.swift in Sources */ = {isa = PBXBuildFile; fileRef = 7DFECAD928ED0340000BA29B /* Clock.swift */; };
		7DFECADC28ED0601000BA29B /* Timer.swift in Sources */ = {isa = PBXBuildFile; fileRef = 7DFECADB28ED0601000BA29B /* Timer.swift */; };
		7DFECAE028ED086D000BA29B /* LiveClock.swift in Sources */ = {isa = PBXBuildFile; fileRef = 7DFECADF28ED086D000BA29B /* LiveClock.swift */; };
		7DFECAE428ED093A000BA29B /* LiveClockTests.swift in Sources */ = {isa = PBXBuildFile; fileRef = 7DFECAE328ED093A000BA29B /* LiveClockTests.swift */; };
/* End PBXBuildFile section */

/* Begin PBXContainerItemProxy section */
		7D97D29E28EBBFB700C8A748 /* PBXContainerItemProxy */ = {
			isa = PBXContainerItemProxy;
			containerPortal = 7D97D27F28EBBFB500C8A748 /* Project object */;
			proxyType = 1;
			remoteGlobalIDString = 7D97D28628EBBFB500C8A748;
			remoteInfo = Chipsette;
		};
		7D97D2A828EBBFB700C8A748 /* PBXContainerItemProxy */ = {
			isa = PBXContainerItemProxy;
			containerPortal = 7D97D27F28EBBFB500C8A748 /* Project object */;
			proxyType = 1;
			remoteGlobalIDString = 7D97D28628EBBFB500C8A748;
			remoteInfo = Chipsette;
		};
/* End PBXContainerItemProxy section */

/* Begin PBXFileReference section */
		7D433EF228EF0AF10017A434 /* ErrorHandler.swift */ = {isa = PBXFileReference; lastKnownFileType = sourcecode.swift; path = ErrorHandler.swift; sourceTree = "<group>"; };
		7D433EF428EFC3260017A434 /* Keypad.swift */ = {isa = PBXFileReference; lastKnownFileType = sourcecode.swift; path = Keypad.swift; sourceTree = "<group>"; };
		7D433EF628EFC3380017A434 /* Key.swift */ = {isa = PBXFileReference; lastKnownFileType = sourcecode.swift; path = Key.swift; sourceTree = "<group>"; };
		7D433EF828EFCB3B0017A434 /* KeypadInputHandler.swift */ = {isa = PBXFileReference; lastKnownFileType = sourcecode.swift; path = KeypadInputHandler.swift; sourceTree = "<group>"; };
		7D433EFA28EFCC190017A434 /* LiveKeypad.swift */ = {isa = PBXFileReference; lastKnownFileType = sourcecode.swift; path = LiveKeypad.swift; sourceTree = "<group>"; };
		7D433EFC28EFCC290017A434 /* LiveKeypadTests.swift */ = {isa = PBXFileReference; lastKnownFileType = sourcecode.swift; path = LiveKeypadTests.swift; sourceTree = "<group>"; };
		7D433F0028EFD9190017A434 /* Sprite.swift */ = {isa = PBXFileReference; lastKnownFileType = sourcecode.swift; path = Sprite.swift; sourceTree = "<group>"; };
		7D433F0228EFD9390017A434 /* SpriteErrors.swift */ = {isa = PBXFileReference; lastKnownFileType = sourcecode.swift; path = SpriteErrors.swift; sourceTree = "<group>"; };
		7D433F0428EFD9D50017A434 /* LiveSprite.swift */ = {isa = PBXFileReference; lastKnownFileType = sourcecode.swift; path = LiveSprite.swift; sourceTree = "<group>"; };
		7D433F0828EFDA280017A434 /* LiveSpriteTests.swift */ = {isa = PBXFileReference; lastKnownFileType = sourcecode.swift; path = LiveSpriteTests.swift; sourceTree = "<group>"; };
		7D97D28728EBBFB500C8A748 /* Chipsette.app */ = {isa = PBXFileReference; explicitFileType = wrapper.application; includeInIndex = 0; path = Chipsette.app; sourceTree = BUILT_PRODUCTS_DIR; };
		7D97D28A28EBBFB500C8A748 /* AppDelegate.swift */ = {isa = PBXFileReference; lastKnownFileType = sourcecode.swift; path = AppDelegate.swift; sourceTree = "<group>"; };
		7D97D28C28EBBFB500C8A748 /* SceneDelegate.swift */ = {isa = PBXFileReference; lastKnownFileType = sourcecode.swift; path = SceneDelegate.swift; sourceTree = "<group>"; };
		7D97D28E28EBBFB500C8A748 /* ViewController.swift */ = {isa = PBXFileReference; lastKnownFileType = sourcecode.swift; path = ViewController.swift; sourceTree = "<group>"; };
		7D97D29328EBBFB700C8A748 /* Assets.xcassets */ = {isa = PBXFileReference; lastKnownFileType = folder.assetcatalog; path = Assets.xcassets; sourceTree = "<group>"; };
		7D97D29628EBBFB700C8A748 /* Base */ = {isa = PBXFileReference; lastKnownFileType = file.storyboard; name = Base; path = Base.lproj/LaunchScreen.storyboard; sourceTree = "<group>"; };
		7D97D29828EBBFB700C8A748 /* Info.plist */ = {isa = PBXFileReference; lastKnownFileType = text.plist.xml; path = Info.plist; sourceTree = "<group>"; };
		7D97D29D28EBBFB700C8A748 /* ChipsetteTests.xctest */ = {isa = PBXFileReference; explicitFileType = wrapper.cfbundle; includeInIndex = 0; path = ChipsetteTests.xctest; sourceTree = BUILT_PRODUCTS_DIR; };
		7D97D2A128EBBFB700C8A748 /* ChipsetteTests.swift */ = {isa = PBXFileReference; lastKnownFileType = sourcecode.swift; path = ChipsetteTests.swift; sourceTree = "<group>"; };
		7D97D2A728EBBFB700C8A748 /* ChipsetteUITests.xctest */ = {isa = PBXFileReference; explicitFileType = wrapper.cfbundle; includeInIndex = 0; path = ChipsetteUITests.xctest; sourceTree = BUILT_PRODUCTS_DIR; };
		7D97D2AB28EBBFB700C8A748 /* ChipsetteUITests.swift */ = {isa = PBXFileReference; lastKnownFileType = sourcecode.swift; path = ChipsetteUITests.swift; sourceTree = "<group>"; };
		7D97D2AD28EBBFB700C8A748 /* ChipsetteUITestsLaunchTests.swift */ = {isa = PBXFileReference; lastKnownFileType = sourcecode.swift; path = ChipsetteUITestsLaunchTests.swift; sourceTree = "<group>"; };
		7D97D2C928ECABDC00C8A748 /* Memory.swift */ = {isa = PBXFileReference; lastKnownFileType = sourcecode.swift; path = Memory.swift; sourceTree = "<group>"; };
		7D97D2CC28ECAD3C00C8A748 /* LiveMemory.swift */ = {isa = PBXFileReference; lastKnownFileType = sourcecode.swift; path = LiveMemory.swift; sourceTree = "<group>"; };
		7D97D2CF28ECAD7D00C8A748 /* MemoryErrors.swift */ = {isa = PBXFileReference; lastKnownFileType = sourcecode.swift; path = MemoryErrors.swift; sourceTree = "<group>"; };
		7D97D2D328ECAE7F00C8A748 /* LiveMemoryTests.swift */ = {isa = PBXFileReference; lastKnownFileType = sourcecode.swift; path = LiveMemoryTests.swift; sourceTree = "<group>"; };
		7DFECAC928ECEA87000BA29B /* Register.swift */ = {isa = PBXFileReference; lastKnownFileType = sourcecode.swift; path = Register.swift; sourceTree = "<group>"; };
		7DFECACB28ECEB76000BA29B /* LiveRegister.swift */ = {isa = PBXFileReference; lastKnownFileType = sourcecode.swift; path = LiveRegister.swift; sourceTree = "<group>"; };
		7DFECACD28ECEBA7000BA29B /* LiveRegisterTests.swift */ = {isa = PBXFileReference; lastKnownFileType = sourcecode.swift; path = LiveRegisterTests.swift; sourceTree = "<group>"; };
		7DFECACF28ECED7E000BA29B /* Stack.swift */ = {isa = PBXFileReference; lastKnownFileType = sourcecode.swift; path = Stack.swift; sourceTree = "<group>"; };
		7DFECAD128ECEEB3000BA29B /* StackErrors.swift */ = {isa = PBXFileReference; lastKnownFileType = sourcecode.swift; path = StackErrors.swift; sourceTree = "<group>"; };
		7DFECAD328ECEF01000BA29B /* LiveStack.swift */ = {isa = PBXFileReference; lastKnownFileType = sourcecode.swift; path = LiveStack.swift; sourceTree = "<group>"; };
		7DFECAD728ECEF63000BA29B /* LiveStackTests.swift */ = {isa = PBXFileReference; lastKnownFileType = sourcecode.swift; path = LiveStackTests.swift; sourceTree = "<group>"; };
		7DFECAD928ED0340000BA29B /* Clock.swift */ = {isa = PBXFileReference; lastKnownFileType = sourcecode.swift; path = Clock.swift; sourceTree = "<group>"; };
		7DFECADB28ED0601000BA29B /* Timer.swift */ = {isa = PBXFileReference; lastKnownFileType = sourcecode.swift; path = Timer.swift; sourceTree = "<group>"; };
		7DFECADF28ED086D000BA29B /* LiveClock.swift */ = {isa = PBXFileReference; lastKnownFileType = sourcecode.swift; path = LiveClock.swift; sourceTree = "<group>"; };
		7DFECAE328ED093A000BA29B /* LiveClockTests.swift */ = {isa = PBXFileReference; lastKnownFileType = sourcecode.swift; path = LiveClockTests.swift; sourceTree = "<group>"; };
/* End PBXFileReference section */

/* Begin PBXFrameworksBuildPhase section */
		7D97D28428EBBFB500C8A748 /* Frameworks */ = {
			isa = PBXFrameworksBuildPhase;
			buildActionMask = 2147483647;
			files = (
			);
			runOnlyForDeploymentPostprocessing = 0;
		};
		7D97D29A28EBBFB700C8A748 /* Frameworks */ = {
			isa = PBXFrameworksBuildPhase;
			buildActionMask = 2147483647;
			files = (
			);
			runOnlyForDeploymentPostprocessing = 0;
		};
		7D97D2A428EBBFB700C8A748 /* Frameworks */ = {
			isa = PBXFrameworksBuildPhase;
			buildActionMask = 2147483647;
			files = (
			);
			runOnlyForDeploymentPostprocessing = 0;
		};
/* End PBXFrameworksBuildPhase section */

/* Begin PBXGroup section */
		7D97D27E28EBBFB500C8A748 = {
			isa = PBXGroup;
			children = (
				7D97D28928EBBFB500C8A748 /* Chipsette */,
				7D97D2A028EBBFB700C8A748 /* ChipsetteTests */,
				7D97D2AA28EBBFB700C8A748 /* ChipsetteUITests */,
				7D97D28828EBBFB500C8A748 /* Products */,
			);
			sourceTree = "<group>";
		};
		7D97D28828EBBFB500C8A748 /* Products */ = {
			isa = PBXGroup;
			children = (
				7D97D28728EBBFB500C8A748 /* Chipsette.app */,
				7D97D29D28EBBFB700C8A748 /* ChipsetteTests.xctest */,
				7D97D2A728EBBFB700C8A748 /* ChipsetteUITests.xctest */,
			);
			name = Products;
			sourceTree = "<group>";
		};
		7D97D28928EBBFB500C8A748 /* Chipsette */ = {
			isa = PBXGroup;
			children = (
				7D97D2C828ECABD200C8A748 /* Protocols */,
				7D97D2CB28ECAD2B00C8A748 /* Models */,
				7D97D28A28EBBFB500C8A748 /* AppDelegate.swift */,
				7D97D28C28EBBFB500C8A748 /* SceneDelegate.swift */,
				7D97D28E28EBBFB500C8A748 /* ViewController.swift */,
				7D97D29328EBBFB700C8A748 /* Assets.xcassets */,
				7D97D29528EBBFB700C8A748 /* LaunchScreen.storyboard */,
				7D97D29828EBBFB700C8A748 /* Info.plist */,
			);
			path = Chipsette;
			sourceTree = "<group>";
		};
		7D97D2A028EBBFB700C8A748 /* ChipsetteTests */ = {
			isa = PBXGroup;
			children = (
				7D97D2A128EBBFB700C8A748 /* ChipsetteTests.swift */,
				7D97D2D328ECAE7F00C8A748 /* LiveMemoryTests.swift */,
				7DFECACD28ECEBA7000BA29B /* LiveRegisterTests.swift */,
				7DFECAD728ECEF63000BA29B /* LiveStackTests.swift */,
				7DFECAE328ED093A000BA29B /* LiveClockTests.swift */,
				7D433EFC28EFCC290017A434 /* LiveKeypadTests.swift */,
				7D433F0828EFDA280017A434 /* LiveSpriteTests.swift */,
			);
			path = ChipsetteTests;
			sourceTree = "<group>";
		};
		7D97D2AA28EBBFB700C8A748 /* ChipsetteUITests */ = {
			isa = PBXGroup;
			children = (
				7D97D2AB28EBBFB700C8A748 /* ChipsetteUITests.swift */,
				7D97D2AD28EBBFB700C8A748 /* ChipsetteUITestsLaunchTests.swift */,
			);
			path = ChipsetteUITests;
			sourceTree = "<group>";
		};
		7D97D2C828ECABD200C8A748 /* Protocols */ = {
			isa = PBXGroup;
			children = (
				7D97D2C928ECABDC00C8A748 /* Memory.swift */,
				7DFECAC928ECEA87000BA29B /* Register.swift */,
				7DFECACF28ECED7E000BA29B /* Stack.swift */,
				7DFECAD928ED0340000BA29B /* Clock.swift */,
				7DFECADB28ED0601000BA29B /* Timer.swift */,
				7D433EF228EF0AF10017A434 /* ErrorHandler.swift */,
				7D433EF428EFC3260017A434 /* Keypad.swift */,
				7D433EF828EFCB3B0017A434 /* KeypadInputHandler.swift */,
				7D433F0028EFD9190017A434 /* Sprite.swift */,
			);
			path = Protocols;
			sourceTree = "<group>";
		};
		7D97D2CB28ECAD2B00C8A748 /* Models */ = {
			isa = PBXGroup;
			children = (
				7D97D2CE28ECAD6B00C8A748 /* Enums */,
				7D97D2CC28ECAD3C00C8A748 /* LiveMemory.swift */,
				7DFECACB28ECEB76000BA29B /* LiveRegister.swift */,
				7DFECAD328ECEF01000BA29B /* LiveStack.swift */,
				7DFECADF28ED086D000BA29B /* LiveClock.swift */,
				7D433EFA28EFCC190017A434 /* LiveKeypad.swift */,
				7D433F0428EFD9D50017A434 /* LiveSprite.swift */,
			);
			path = Models;
			sourceTree = "<group>";
		};
		7D97D2CE28ECAD6B00C8A748 /* Enums */ = {
			isa = PBXGroup;
			children = (
				7D97D2CF28ECAD7D00C8A748 /* MemoryErrors.swift */,
				7DFECAD128ECEEB3000BA29B /* StackErrors.swift */,
				7D433F0228EFD9390017A434 /* SpriteErrors.swift */,
				7D433EF628EFC3380017A434 /* Key.swift */,
			);
			path = Enums;
			sourceTree = "<group>";
		};
/* End PBXGroup section */

/* Begin PBXNativeTarget section */
		7D97D28628EBBFB500C8A748 /* Chipsette */ = {
			isa = PBXNativeTarget;
			buildConfigurationList = 7D97D2B128EBBFB700C8A748 /* Build configuration list for PBXNativeTarget "Chipsette" */;
			buildPhases = (
				7D97D28328EBBFB500C8A748 /* Sources */,
				7D97D28428EBBFB500C8A748 /* Frameworks */,
				7D97D28528EBBFB500C8A748 /* Resources */,
			);
			buildRules = (
			);
			dependencies = (
			);
			name = Chipsette;
			productName = Chipsette;
			productReference = 7D97D28728EBBFB500C8A748 /* Chipsette.app */;
			productType = "com.apple.product-type.application";
		};
		7D97D29C28EBBFB700C8A748 /* ChipsetteTests */ = {
			isa = PBXNativeTarget;
			buildConfigurationList = 7D97D2B428EBBFB700C8A748 /* Build configuration list for PBXNativeTarget "ChipsetteTests" */;
			buildPhases = (
				7D97D29928EBBFB700C8A748 /* Sources */,
				7D97D29A28EBBFB700C8A748 /* Frameworks */,
				7D97D29B28EBBFB700C8A748 /* Resources */,
			);
			buildRules = (
			);
			dependencies = (
				7D97D29F28EBBFB700C8A748 /* PBXTargetDependency */,
			);
			name = ChipsetteTests;
			productName = ChipsetteTests;
			productReference = 7D97D29D28EBBFB700C8A748 /* ChipsetteTests.xctest */;
			productType = "com.apple.product-type.bundle.unit-test";
		};
		7D97D2A628EBBFB700C8A748 /* ChipsetteUITests */ = {
			isa = PBXNativeTarget;
			buildConfigurationList = 7D97D2B728EBBFB700C8A748 /* Build configuration list for PBXNativeTarget "ChipsetteUITests" */;
			buildPhases = (
				7D97D2A328EBBFB700C8A748 /* Sources */,
				7D97D2A428EBBFB700C8A748 /* Frameworks */,
				7D97D2A528EBBFB700C8A748 /* Resources */,
			);
			buildRules = (
			);
			dependencies = (
				7D97D2A928EBBFB700C8A748 /* PBXTargetDependency */,
			);
			name = ChipsetteUITests;
			productName = ChipsetteUITests;
			productReference = 7D97D2A728EBBFB700C8A748 /* ChipsetteUITests.xctest */;
			productType = "com.apple.product-type.bundle.ui-testing";
		};
/* End PBXNativeTarget section */

/* Begin PBXProject section */
		7D97D27F28EBBFB500C8A748 /* Project object */ = {
			isa = PBXProject;
			attributes = {
				BuildIndependentTargetsInParallel = 1;
				LastSwiftUpdateCheck = 1400;
				LastUpgradeCheck = 1400;
				TargetAttributes = {
					7D97D28628EBBFB500C8A748 = {
						CreatedOnToolsVersion = 14.0.1;
					};
					7D97D29C28EBBFB700C8A748 = {
						CreatedOnToolsVersion = 14.0.1;
						TestTargetID = 7D97D28628EBBFB500C8A748;
					};
					7D97D2A628EBBFB700C8A748 = {
						CreatedOnToolsVersion = 14.0.1;
						TestTargetID = 7D97D28628EBBFB500C8A748;
					};
				};
			};
			buildConfigurationList = 7D97D28228EBBFB500C8A748 /* Build configuration list for PBXProject "Chipsette" */;
			compatibilityVersion = "Xcode 14.0";
			developmentRegion = en;
			hasScannedForEncodings = 0;
			knownRegions = (
				en,
				Base,
			);
			mainGroup = 7D97D27E28EBBFB500C8A748;
			productRefGroup = 7D97D28828EBBFB500C8A748 /* Products */;
			projectDirPath = "";
			projectRoot = "";
			targets = (
				7D97D28628EBBFB500C8A748 /* Chipsette */,
				7D97D29C28EBBFB700C8A748 /* ChipsetteTests */,
				7D97D2A628EBBFB700C8A748 /* ChipsetteUITests */,
			);
		};
/* End PBXProject section */

/* Begin PBXResourcesBuildPhase section */
		7D97D28528EBBFB500C8A748 /* Resources */ = {
			isa = PBXResourcesBuildPhase;
			buildActionMask = 2147483647;
			files = (
				7D97D29728EBBFB700C8A748 /* LaunchScreen.storyboard in Resources */,
				7D97D29428EBBFB700C8A748 /* Assets.xcassets in Resources */,
			);
			runOnlyForDeploymentPostprocessing = 0;
		};
		7D97D29B28EBBFB700C8A748 /* Resources */ = {
			isa = PBXResourcesBuildPhase;
			buildActionMask = 2147483647;
			files = (
			);
			runOnlyForDeploymentPostprocessing = 0;
		};
		7D97D2A528EBBFB700C8A748 /* Resources */ = {
			isa = PBXResourcesBuildPhase;
			buildActionMask = 2147483647;
			files = (
			);
			runOnlyForDeploymentPostprocessing = 0;
		};
/* End PBXResourcesBuildPhase section */

/* Begin PBXSourcesBuildPhase section */
		7D97D28328EBBFB500C8A748 /* Sources */ = {
			isa = PBXSourcesBuildPhase;
			buildActionMask = 2147483647;
			files = (
				7D97D2CA28ECABDC00C8A748 /* Memory.swift in Sources */,
				7D433EF728EFC3380017A434 /* Key.swift in Sources */,
				7DFECAD228ECEEB3000BA29B /* StackErrors.swift in Sources */,
				7DFECAD028ECED7E000BA29B /* Stack.swift in Sources */,
				7D433EFB28EFCC190017A434 /* LiveKeypad.swift in Sources */,
				7D97D2D028ECAD7D00C8A748 /* MemoryErrors.swift in Sources */,
				7D433EF928EFCB3B0017A434 /* KeypadInputHandler.swift in Sources */,
				7DFECADC28ED0601000BA29B /* Timer.swift in Sources */,
				7D433EF528EFC3260017A434 /* Keypad.swift in Sources */,
				7DFECACC28ECEB76000BA29B /* LiveRegister.swift in Sources */,
				7D433F0128EFD9190017A434 /* Sprite.swift in Sources */,
				7D433F0328EFD9390017A434 /* SpriteErrors.swift in Sources */,
				7D97D28F28EBBFB500C8A748 /* ViewController.swift in Sources */,
				7DFECADA28ED0340000BA29B /* Clock.swift in Sources */,
				7DFECAE028ED086D000BA29B /* LiveClock.swift in Sources */,
				7D97D28B28EBBFB500C8A748 /* AppDelegate.swift in Sources */,
				7DFECACA28ECEA87000BA29B /* Register.swift in Sources */,
				7D97D2CD28ECAD3C00C8A748 /* LiveMemory.swift in Sources */,
				7D433EF328EF0AF10017A434 /* ErrorHandler.swift in Sources */,
				7DFECAD428ECEF01000BA29B /* LiveStack.swift in Sources */,
				7D433F0528EFD9D50017A434 /* LiveSprite.swift in Sources */,
				7D97D28D28EBBFB500C8A748 /* SceneDelegate.swift in Sources */,
			);
			runOnlyForDeploymentPostprocessing = 0;
		};
		7D97D29928EBBFB700C8A748 /* Sources */ = {
			isa = PBXSourcesBuildPhase;
			buildActionMask = 2147483647;
			files = (
				7DFECAD828ECEF63000BA29B /* LiveStackTests.swift in Sources */,
				7D433F0928EFDA280017A434 /* LiveSpriteTests.swift in Sources */,
				7DFECACE28ECEBA7000BA29B /* LiveRegisterTests.swift in Sources */,
				7DFECAE428ED093A000BA29B /* LiveClockTests.swift in Sources */,
				7D433EFD28EFCC290017A434 /* LiveKeypadTests.swift in Sources */,
				7D97D2D428ECAE7F00C8A748 /* LiveMemoryTests.swift in Sources */,
				7D97D2A228EBBFB700C8A748 /* ChipsetteTests.swift in Sources */,
			);
			runOnlyForDeploymentPostprocessing = 0;
		};
		7D97D2A328EBBFB700C8A748 /* Sources */ = {
			isa = PBXSourcesBuildPhase;
			buildActionMask = 2147483647;
			files = (
				7D97D2AE28EBBFB700C8A748 /* ChipsetteUITestsLaunchTests.swift in Sources */,
				7D97D2AC28EBBFB700C8A748 /* ChipsetteUITests.swift in Sources */,
			);
			runOnlyForDeploymentPostprocessing = 0;
		};
/* End PBXSourcesBuildPhase section */

/* Begin PBXTargetDependency section */
		7D97D29F28EBBFB700C8A748 /* PBXTargetDependency */ = {
			isa = PBXTargetDependency;
			target = 7D97D28628EBBFB500C8A748 /* Chipsette */;
			targetProxy = 7D97D29E28EBBFB700C8A748 /* PBXContainerItemProxy */;
		};
		7D97D2A928EBBFB700C8A748 /* PBXTargetDependency */ = {
			isa = PBXTargetDependency;
			target = 7D97D28628EBBFB500C8A748 /* Chipsette */;
			targetProxy = 7D97D2A828EBBFB700C8A748 /* PBXContainerItemProxy */;
		};
/* End PBXTargetDependency section */

/* Begin PBXVariantGroup section */
		7D97D29528EBBFB700C8A748 /* LaunchScreen.storyboard */ = {
			isa = PBXVariantGroup;
			children = (
				7D97D29628EBBFB700C8A748 /* Base */,
			);
			name = LaunchScreen.storyboard;
			sourceTree = "<group>";
		};
/* End PBXVariantGroup section */

/* Begin XCBuildConfiguration section */
		7D97D2AF28EBBFB700C8A748 /* Debug */ = {
			isa = XCBuildConfiguration;
			buildSettings = {
				ALWAYS_SEARCH_USER_PATHS = NO;
				CLANG_ANALYZER_NONNULL = YES;
				CLANG_ANALYZER_NUMBER_OBJECT_CONVERSION = YES_AGGRESSIVE;
				CLANG_CXX_LANGUAGE_STANDARD = "gnu++20";
				CLANG_ENABLE_MODULES = YES;
				CLANG_ENABLE_OBJC_ARC = YES;
				CLANG_ENABLE_OBJC_WEAK = YES;
				CLANG_WARN_BLOCK_CAPTURE_AUTORELEASING = YES;
				CLANG_WARN_BOOL_CONVERSION = YES;
				CLANG_WARN_COMMA = YES;
				CLANG_WARN_CONSTANT_CONVERSION = YES;
				CLANG_WARN_DEPRECATED_OBJC_IMPLEMENTATIONS = YES;
				CLANG_WARN_DIRECT_OBJC_ISA_USAGE = YES_ERROR;
				CLANG_WARN_DOCUMENTATION_COMMENTS = YES;
				CLANG_WARN_EMPTY_BODY = YES;
				CLANG_WARN_ENUM_CONVERSION = YES;
				CLANG_WARN_INFINITE_RECURSION = YES;
				CLANG_WARN_INT_CONVERSION = YES;
				CLANG_WARN_NON_LITERAL_NULL_CONVERSION = YES;
				CLANG_WARN_OBJC_IMPLICIT_RETAIN_SELF = YES;
				CLANG_WARN_OBJC_LITERAL_CONVERSION = YES;
				CLANG_WARN_OBJC_ROOT_CLASS = YES_ERROR;
				CLANG_WARN_QUOTED_INCLUDE_IN_FRAMEWORK_HEADER = YES;
				CLANG_WARN_RANGE_LOOP_ANALYSIS = YES;
				CLANG_WARN_STRICT_PROTOTYPES = YES;
				CLANG_WARN_SUSPICIOUS_MOVE = YES;
				CLANG_WARN_UNGUARDED_AVAILABILITY = YES_AGGRESSIVE;
				CLANG_WARN_UNREACHABLE_CODE = YES;
				CLANG_WARN__DUPLICATE_METHOD_MATCH = YES;
				COPY_PHASE_STRIP = NO;
				DEBUG_INFORMATION_FORMAT = dwarf;
				ENABLE_STRICT_OBJC_MSGSEND = YES;
				ENABLE_TESTABILITY = YES;
				GCC_C_LANGUAGE_STANDARD = gnu11;
				GCC_DYNAMIC_NO_PIC = NO;
				GCC_NO_COMMON_BLOCKS = YES;
				GCC_OPTIMIZATION_LEVEL = 0;
				GCC_PREPROCESSOR_DEFINITIONS = (
					"DEBUG=1",
					"$(inherited)",
				);
				GCC_WARN_64_TO_32_BIT_CONVERSION = YES;
				GCC_WARN_ABOUT_RETURN_TYPE = YES_ERROR;
				GCC_WARN_UNDECLARED_SELECTOR = YES;
				GCC_WARN_UNINITIALIZED_AUTOS = YES_AGGRESSIVE;
				GCC_WARN_UNUSED_FUNCTION = YES;
				GCC_WARN_UNUSED_VARIABLE = YES;
				IPHONEOS_DEPLOYMENT_TARGET = 16.0;
				MTL_ENABLE_DEBUG_INFO = INCLUDE_SOURCE;
				MTL_FAST_MATH = YES;
				ONLY_ACTIVE_ARCH = YES;
				SDKROOT = iphoneos;
				SWIFT_ACTIVE_COMPILATION_CONDITIONS = DEBUG;
				SWIFT_OPTIMIZATION_LEVEL = "-Onone";
			};
			name = Debug;
		};
		7D97D2B028EBBFB700C8A748 /* Release */ = {
			isa = XCBuildConfiguration;
			buildSettings = {
				ALWAYS_SEARCH_USER_PATHS = NO;
				CLANG_ANALYZER_NONNULL = YES;
				CLANG_ANALYZER_NUMBER_OBJECT_CONVERSION = YES_AGGRESSIVE;
				CLANG_CXX_LANGUAGE_STANDARD = "gnu++20";
				CLANG_ENABLE_MODULES = YES;
				CLANG_ENABLE_OBJC_ARC = YES;
				CLANG_ENABLE_OBJC_WEAK = YES;
				CLANG_WARN_BLOCK_CAPTURE_AUTORELEASING = YES;
				CLANG_WARN_BOOL_CONVERSION = YES;
				CLANG_WARN_COMMA = YES;
				CLANG_WARN_CONSTANT_CONVERSION = YES;
				CLANG_WARN_DEPRECATED_OBJC_IMPLEMENTATIONS = YES;
				CLANG_WARN_DIRECT_OBJC_ISA_USAGE = YES_ERROR;
				CLANG_WARN_DOCUMENTATION_COMMENTS = YES;
				CLANG_WARN_EMPTY_BODY = YES;
				CLANG_WARN_ENUM_CONVERSION = YES;
				CLANG_WARN_INFINITE_RECURSION = YES;
				CLANG_WARN_INT_CONVERSION = YES;
				CLANG_WARN_NON_LITERAL_NULL_CONVERSION = YES;
				CLANG_WARN_OBJC_IMPLICIT_RETAIN_SELF = YES;
				CLANG_WARN_OBJC_LITERAL_CONVERSION = YES;
				CLANG_WARN_OBJC_ROOT_CLASS = YES_ERROR;
				CLANG_WARN_QUOTED_INCLUDE_IN_FRAMEWORK_HEADER = YES;
				CLANG_WARN_RANGE_LOOP_ANALYSIS = YES;
				CLANG_WARN_STRICT_PROTOTYPES = YES;
				CLANG_WARN_SUSPICIOUS_MOVE = YES;
				CLANG_WARN_UNGUARDED_AVAILABILITY = YES_AGGRESSIVE;
				CLANG_WARN_UNREACHABLE_CODE = YES;
				CLANG_WARN__DUPLICATE_METHOD_MATCH = YES;
				COPY_PHASE_STRIP = NO;
				DEBUG_INFORMATION_FORMAT = "dwarf-with-dsym";
				ENABLE_NS_ASSERTIONS = NO;
				ENABLE_STRICT_OBJC_MSGSEND = YES;
				GCC_C_LANGUAGE_STANDARD = gnu11;
				GCC_NO_COMMON_BLOCKS = YES;
				GCC_WARN_64_TO_32_BIT_CONVERSION = YES;
				GCC_WARN_ABOUT_RETURN_TYPE = YES_ERROR;
				GCC_WARN_UNDECLARED_SELECTOR = YES;
				GCC_WARN_UNINITIALIZED_AUTOS = YES_AGGRESSIVE;
				GCC_WARN_UNUSED_FUNCTION = YES;
				GCC_WARN_UNUSED_VARIABLE = YES;
				IPHONEOS_DEPLOYMENT_TARGET = 16.0;
				MTL_ENABLE_DEBUG_INFO = NO;
				MTL_FAST_MATH = YES;
				SDKROOT = iphoneos;
				SWIFT_COMPILATION_MODE = wholemodule;
				SWIFT_OPTIMIZATION_LEVEL = "-O";
				VALIDATE_PRODUCT = YES;
			};
			name = Release;
		};
		7D97D2B228EBBFB700C8A748 /* Debug */ = {
			isa = XCBuildConfiguration;
			buildSettings = {
				ASSETCATALOG_COMPILER_APPICON_NAME = AppIcon;
				ASSETCATALOG_COMPILER_GLOBAL_ACCENT_COLOR_NAME = AccentColor;
				CODE_SIGN_STYLE = Automatic;
				CURRENT_PROJECT_VERSION = 1;
				DEVELOPMENT_TEAM = 8U8368WPW4;
				GENERATE_INFOPLIST_FILE = YES;
				INFOPLIST_FILE = Chipsette/Info.plist;
				INFOPLIST_KEY_UIApplicationSupportsIndirectInputEvents = YES;
				INFOPLIST_KEY_UILaunchStoryboardName = LaunchScreen;
				INFOPLIST_KEY_UISupportedInterfaceOrientations_iPad = "UIInterfaceOrientationPortrait UIInterfaceOrientationPortraitUpsideDown UIInterfaceOrientationLandscapeLeft UIInterfaceOrientationLandscapeRight";
				INFOPLIST_KEY_UISupportedInterfaceOrientations_iPhone = "UIInterfaceOrientationPortrait UIInterfaceOrientationLandscapeLeft UIInterfaceOrientationLandscapeRight";
				LD_RUNPATH_SEARCH_PATHS = (
					"$(inherited)",
					"@executable_path/Frameworks",
				);
				MARKETING_VERSION = 1.0;
				PRODUCT_BUNDLE_IDENTIFIER = com.wtpisaac.Chipsette;
				PRODUCT_NAME = "$(TARGET_NAME)";
				SWIFT_EMIT_LOC_STRINGS = YES;
				SWIFT_VERSION = 5.0;
				TARGETED_DEVICE_FAMILY = "1,2";
			};
			name = Debug;
		};
		7D97D2B328EBBFB700C8A748 /* Release */ = {
			isa = XCBuildConfiguration;
			buildSettings = {
				ASSETCATALOG_COMPILER_APPICON_NAME = AppIcon;
				ASSETCATALOG_COMPILER_GLOBAL_ACCENT_COLOR_NAME = AccentColor;
				CODE_SIGN_STYLE = Automatic;
				CURRENT_PROJECT_VERSION = 1;
				DEVELOPMENT_TEAM = 8U8368WPW4;
				GENERATE_INFOPLIST_FILE = YES;
				INFOPLIST_FILE = Chipsette/Info.plist;
				INFOPLIST_KEY_UIApplicationSupportsIndirectInputEvents = YES;
				INFOPLIST_KEY_UILaunchStoryboardName = LaunchScreen;
				INFOPLIST_KEY_UISupportedInterfaceOrientations_iPad = "UIInterfaceOrientationPortrait UIInterfaceOrientationPortraitUpsideDown UIInterfaceOrientationLandscapeLeft UIInterfaceOrientationLandscapeRight";
				INFOPLIST_KEY_UISupportedInterfaceOrientations_iPhone = "UIInterfaceOrientationPortrait UIInterfaceOrientationLandscapeLeft UIInterfaceOrientationLandscapeRight";
				LD_RUNPATH_SEARCH_PATHS = (
					"$(inherited)",
					"@executable_path/Frameworks",
				);
				MARKETING_VERSION = 1.0;
				PRODUCT_BUNDLE_IDENTIFIER = com.wtpisaac.Chipsette;
				PRODUCT_NAME = "$(TARGET_NAME)";
				SWIFT_EMIT_LOC_STRINGS = YES;
				SWIFT_VERSION = 5.0;
				TARGETED_DEVICE_FAMILY = "1,2";
			};
			name = Release;
		};
		7D97D2B528EBBFB700C8A748 /* Debug */ = {
			isa = XCBuildConfiguration;
			buildSettings = {
				ALWAYS_EMBED_SWIFT_STANDARD_LIBRARIES = YES;
				BUNDLE_LOADER = "$(TEST_HOST)";
				CODE_SIGN_STYLE = Automatic;
				CURRENT_PROJECT_VERSION = 1;
				DEVELOPMENT_TEAM = 8U8368WPW4;
				GENERATE_INFOPLIST_FILE = YES;
				IPHONEOS_DEPLOYMENT_TARGET = 16.0;
				MARKETING_VERSION = 1.0;
				PRODUCT_BUNDLE_IDENTIFIER = com.wtpisaac.ChipsetteTests;
				PRODUCT_NAME = "$(TARGET_NAME)";
				SWIFT_EMIT_LOC_STRINGS = NO;
				SWIFT_VERSION = 5.0;
				TARGETED_DEVICE_FAMILY = "1,2";
				TEST_HOST = "$(BUILT_PRODUCTS_DIR)/Chipsette.app/$(BUNDLE_EXECUTABLE_FOLDER_PATH)/Chipsette";
			};
			name = Debug;
		};
		7D97D2B628EBBFB700C8A748 /* Release */ = {
			isa = XCBuildConfiguration;
			buildSettings = {
				ALWAYS_EMBED_SWIFT_STANDARD_LIBRARIES = YES;
				BUNDLE_LOADER = "$(TEST_HOST)";
				CODE_SIGN_STYLE = Automatic;
				CURRENT_PROJECT_VERSION = 1;
				DEVELOPMENT_TEAM = 8U8368WPW4;
				GENERATE_INFOPLIST_FILE = YES;
				IPHONEOS_DEPLOYMENT_TARGET = 16.0;
				MARKETING_VERSION = 1.0;
				PRODUCT_BUNDLE_IDENTIFIER = com.wtpisaac.ChipsetteTests;
				PRODUCT_NAME = "$(TARGET_NAME)";
				SWIFT_EMIT_LOC_STRINGS = NO;
				SWIFT_VERSION = 5.0;
				TARGETED_DEVICE_FAMILY = "1,2";
				TEST_HOST = "$(BUILT_PRODUCTS_DIR)/Chipsette.app/$(BUNDLE_EXECUTABLE_FOLDER_PATH)/Chipsette";
			};
			name = Release;
		};
		7D97D2B828EBBFB700C8A748 /* Debug */ = {
			isa = XCBuildConfiguration;
			buildSettings = {
				ALWAYS_EMBED_SWIFT_STANDARD_LIBRARIES = YES;
				CODE_SIGN_STYLE = Automatic;
				CURRENT_PROJECT_VERSION = 1;
				DEVELOPMENT_TEAM = 8U8368WPW4;
				GENERATE_INFOPLIST_FILE = YES;
				MARKETING_VERSION = 1.0;
				PRODUCT_BUNDLE_IDENTIFIER = com.wtpisaac.ChipsetteUITests;
				PRODUCT_NAME = "$(TARGET_NAME)";
				SWIFT_EMIT_LOC_STRINGS = NO;
				SWIFT_VERSION = 5.0;
				TARGETED_DEVICE_FAMILY = "1,2";
				TEST_TARGET_NAME = Chipsette;
			};
			name = Debug;
		};
		7D97D2B928EBBFB700C8A748 /* Release */ = {
			isa = XCBuildConfiguration;
			buildSettings = {
				ALWAYS_EMBED_SWIFT_STANDARD_LIBRARIES = YES;
				CODE_SIGN_STYLE = Automatic;
				CURRENT_PROJECT_VERSION = 1;
				DEVELOPMENT_TEAM = 8U8368WPW4;
				GENERATE_INFOPLIST_FILE = YES;
				MARKETING_VERSION = 1.0;
				PRODUCT_BUNDLE_IDENTIFIER = com.wtpisaac.ChipsetteUITests;
				PRODUCT_NAME = "$(TARGET_NAME)";
				SWIFT_EMIT_LOC_STRINGS = NO;
				SWIFT_VERSION = 5.0;
				TARGETED_DEVICE_FAMILY = "1,2";
				TEST_TARGET_NAME = Chipsette;
			};
			name = Release;
		};
/* End XCBuildConfiguration section */

/* Begin XCConfigurationList section */
		7D97D28228EBBFB500C8A748 /* Build configuration list for PBXProject "Chipsette" */ = {
			isa = XCConfigurationList;
			buildConfigurations = (
				7D97D2AF28EBBFB700C8A748 /* Debug */,
				7D97D2B028EBBFB700C8A748 /* Release */,
			);
			defaultConfigurationIsVisible = 0;
			defaultConfigurationName = Release;
		};
		7D97D2B128EBBFB700C8A748 /* Build configuration list for PBXNativeTarget "Chipsette" */ = {
			isa = XCConfigurationList;
			buildConfigurations = (
				7D97D2B228EBBFB700C8A748 /* Debug */,
				7D97D2B328EBBFB700C8A748 /* Release */,
			);
			defaultConfigurationIsVisible = 0;
			defaultConfigurationName = Release;
		};
		7D97D2B428EBBFB700C8A748 /* Build configuration list for PBXNativeTarget "ChipsetteTests" */ = {
			isa = XCConfigurationList;
			buildConfigurations = (
				7D97D2B528EBBFB700C8A748 /* Debug */,
				7D97D2B628EBBFB700C8A748 /* Release */,
			);
			defaultConfigurationIsVisible = 0;
			defaultConfigurationName = Release;
		};
		7D97D2B728EBBFB700C8A748 /* Build configuration list for PBXNativeTarget "ChipsetteUITests" */ = {
			isa = XCConfigurationList;
			buildConfigurations = (
				7D97D2B828EBBFB700C8A748 /* Debug */,
				7D97D2B928EBBFB700C8A748 /* Release */,
			);
			defaultConfigurationIsVisible = 0;
			defaultConfigurationName = Release;
		};
/* End XCConfigurationList section */
	};
	rootObject = 7D97D27F28EBBFB500C8A748 /* Project object */;
}
